
Microsoft Visual Studio Solution File, Format Version 12.00
# Visual Studio Version 16
VisualStudioVersion = 16.0.30611.23
MinimumVisualStudioVersion = 10.0.40219.1
Project("{8BC9CEB8-8B4A-11D0-8D11-00A0C91BC942}") = "laba2", "laba2\laba2.vcxproj", "{8306A2E9-C01F-456E-A343-6A2E2B5E31CE}"
EndProject
Global
	GlobalSection(SolutionConfigurationPlatforms) = preSolution
		Debug|x64 = Debug|x64
		Debug|x86 = Debug|x86
		Release|x64 = Release|x64
		Release|x86 = Release|x86
	EndGlobalSection
	GlobalSection(ProjectConfigurationPlatforms) = postSolution
		{8306A2E9-C01F-456E-A343-6A2E2B5E31CE}.Debug|x64.ActiveCfg = Debug|x64
		{8306A2E9-C01F-456E-A343-6A2E2B5E31CE}.Debug|x64.Build.0 = Debug|x64
		{8306A2E9-C01F-456E-A343-6A2E2B5E31CE}.Debug|x86.ActiveCfg = Debug|Win32
		{8306A2E9-C01F-456E-A343-6A2E2B5E31CE}.Debug|x86.Build.0 = Debug|Win32
		{8306A2E9-C01F-456E-A343-6A2E2B5E31CE}.Release|x64.ActiveCfg = Release|x64
		{8306A2E9-C01F-456E-A343-6A2E2B5E31CE}.Release|x64.Build.0 = Release|x64
		{8306A2E9-C01F-456E-A343-6A2E2B5E31CE}.Release|x86.ActiveCfg = Release|Win32
		{8306A2E9-C01F-456E-A343-6A2E2B5E31CE}.Release|x86.Build.0 = Release|Win32
	EndGlobalSection
	GlobalSection(SolutionProperties) = preSolution
		HideSolutionNode = FALSE
	EndGlobalSection
	GlobalSection(ExtensibilityGlobals) = postSolution
		SolutionGuid = {A768F09B-96DD-4412-9B5F-F42ED6B9E586}
	EndGlobalSection
EndGlobal
